
Microsoft Visual Studio Solution File, Format Version 12.00
Project("{FAE04EC0-301F-11D3-BF4B-00C04F79EFBC}") = "QueueCollection", "QueueCollection\QueueCollection.csproj", "{885F13F1-0E9F-4E0D-A186-2B95AD0307EA}"
EndProject
Project("{FAE04EC0-301F-11D3-BF4B-00C04F79EFBC}") = "ConsoleApp", "ConsoleApp\ConsoleApp.csproj", "{A492A056-94F9-43E7-85FA-B1B211C7128D}"
EndProject
Project("{FAE04EC0-301F-11D3-BF4B-00C04F79EFBC}") = "QCTests", "QCTests\QCTests.csproj", "{59325F0F-D0D8-40C6-8457-4A601D4AA0D7}"
EndProject
Global
	GlobalSection(SolutionConfigurationPlatforms) = preSolution
		Debug|Any CPU = Debug|Any CPU
		Release|Any CPU = Release|Any CPU
	EndGlobalSection
	GlobalSection(ProjectConfigurationPlatforms) = postSolution
		{885F13F1-0E9F-4E0D-A186-2B95AD0307EA}.Debug|Any CPU.ActiveCfg = Debug|Any CPU
		{885F13F1-0E9F-4E0D-A186-2B95AD0307EA}.Debug|Any CPU.Build.0 = Debug|Any CPU
		{885F13F1-0E9F-4E0D-A186-2B95AD0307EA}.Release|Any CPU.ActiveCfg = Release|Any CPU
		{885F13F1-0E9F-4E0D-A186-2B95AD0307EA}.Release|Any CPU.Build.0 = Release|Any CPU
		{A492A056-94F9-43E7-85FA-B1B211C7128D}.Debug|Any CPU.ActiveCfg = Debug|Any CPU
		{A492A056-94F9-43E7-85FA-B1B211C7128D}.Debug|Any CPU.Build.0 = Debug|Any CPU
		{A492A056-94F9-43E7-85FA-B1B211C7128D}.Release|Any CPU.ActiveCfg = Release|Any CPU
		{A492A056-94F9-43E7-85FA-B1B211C7128D}.Release|Any CPU.Build.0 = Release|Any CPU
		{59325F0F-D0D8-40C6-8457-4A601D4AA0D7}.Debug|Any CPU.ActiveCfg = Debug|Any CPU
		{59325F0F-D0D8-40C6-8457-4A601D4AA0D7}.Debug|Any CPU.Build.0 = Debug|Any CPU
		{59325F0F-D0D8-40C6-8457-4A601D4AA0D7}.Release|Any CPU.ActiveCfg = Release|Any CPU
		{59325F0F-D0D8-40C6-8457-4A601D4AA0D7}.Release|Any CPU.Build.0 = Release|Any CPU
	EndGlobalSection
EndGlobal
